
Microsoft Visual Studio Solution File, Format Version 12.00
# Visual Studio 2012
Project("{FAE04EC0-301F-11D3-BF4B-00C04F79EFBC}") = "osama hashed2", "osama hashed2\osama hashed2.csproj", "{EEB455D6-FB83-4D41-9CDE-607BF0F50B3A}"
EndProject
Global
	GlobalSection(SolutionConfigurationPlatforms) = preSolution
		Debug|Any CPU = Debug|Any CPU
		Release|Any CPU = Release|Any CPU
	EndGlobalSection
	GlobalSection(ProjectConfigurationPlatforms) = postSolution
		{EEB455D6-FB83-4D41-9CDE-607BF0F50B3A}.Debug|Any CPU.ActiveCfg = Debug|Any CPU
		{EEB455D6-FB83-4D41-9CDE-607BF0F50B3A}.Debug|Any CPU.Build.0 = Debug|Any CPU
		{EEB455D6-FB83-4D41-9CDE-607BF0F50B3A}.Release|Any CPU.ActiveCfg = Release|Any CPU
		{EEB455D6-FB83-4D41-9CDE-607BF0F50B3A}.Release|Any CPU.Build.0 = Release|Any CPU
	EndGlobalSection
	GlobalSection(SolutionProperties) = preSolution
		HideSolutionNode = FALSE
	EndGlobalSection
EndGlobal
